
Microsoft Visual Studio Solution File, Format Version 12.00
# Visual Studio 14
VisualStudioVersion = 14.0.25123.0
MinimumVisualStudioVersion = 10.0.40219.1
Project("{FAE04EC0-301F-11D3-BF4B-00C04F79EFBC}") = "EncryptDecryp", "EncryptDecryp\EncryptDecryp.csproj", "{C6C4F113-732A-4802-9AA6-AC4C024AB22E}"
EndProject
Project("{FAE04EC0-301F-11D3-BF4B-00C04F79EFBC}") = "test", "test\test.csproj", "{3D37648B-D11F-47D8-8ADD-69843ECCA793}"
EndProject
Global
	GlobalSection(SolutionConfigurationPlatforms) = preSolution
		Debug|Any CPU = Debug|Any CPU
		Release|Any CPU = Release|Any CPU
	EndGlobalSection
	GlobalSection(ProjectConfigurationPlatforms) = postSolution
		{C6C4F113-732A-4802-9AA6-AC4C024AB22E}.Debug|Any CPU.ActiveCfg = Debug|Any CPU
		{C6C4F113-732A-4802-9AA6-AC4C024AB22E}.Debug|Any CPU.Build.0 = Debug|Any CPU
		{C6C4F113-732A-4802-9AA6-AC4C024AB22E}.Release|Any CPU.ActiveCfg = Release|Any CPU
		{C6C4F113-732A-4802-9AA6-AC4C024AB22E}.Release|Any CPU.Build.0 = Release|Any CPU
		{3D37648B-D11F-47D8-8ADD-69843ECCA793}.Debug|Any CPU.ActiveCfg = Debug|Any CPU
		{3D37648B-D11F-47D8-8ADD-69843ECCA793}.Debug|Any CPU.Build.0 = Debug|Any CPU
		{3D37648B-D11F-47D8-8ADD-69843ECCA793}.Release|Any CPU.ActiveCfg = Release|Any CPU
		{3D37648B-D11F-47D8-8ADD-69843ECCA793}.Release|Any CPU.Build.0 = Release|Any CPU
	EndGlobalSection
	GlobalSection(SolutionProperties) = preSolution
		HideSolutionNode = FALSE
	EndGlobalSection
EndGlobal
